
Microsoft Visual Studio Solution File, Format Version 12.00
# Visual Studio Version 17
VisualStudioVersion = 17.0.31903.59
MinimumVisualStudioVersion = 10.0.40219.1
Project("{9A19103F-16F7-4668-BE54-9A1E7A4F7556}") = "CreditCard.Library", "CreditCard.Library\CreditCard.Library.csproj", "{51FD52EC-6138-444D-9325-23DD012F9866}"
EndProject
Project("{9A19103F-16F7-4668-BE54-9A1E7A4F7556}") = "CreditCard.TesterApp", "CreditCard.TesterApp\CreditCard.TesterApp.csproj", "{36B92BAA-83B3-4539-88F4-D392E366A728}"
EndProject
Project("{FAE04EC0-301F-11D3-BF4B-00C04F79EFBC}") = "CreditCard.Library.Tests", "CreditCard.Library.Tests\CreditCard.Library.Tests.csproj", "{502B4E25-94D0-42FA-B97D-1335B0488EBC}"
EndProject
Global
	GlobalSection(SolutionConfigurationPlatforms) = preSolution
		Debug|Any CPU = Debug|Any CPU
		Release|Any CPU = Release|Any CPU
	EndGlobalSection
	GlobalSection(ProjectConfigurationPlatforms) = postSolution
		{51FD52EC-6138-444D-9325-23DD012F9866}.Debug|Any CPU.ActiveCfg = Debug|Any CPU
		{51FD52EC-6138-444D-9325-23DD012F9866}.Debug|Any CPU.Build.0 = Debug|Any CPU
		{51FD52EC-6138-444D-9325-23DD012F9866}.Release|Any CPU.ActiveCfg = Release|Any CPU
		{51FD52EC-6138-444D-9325-23DD012F9866}.Release|Any CPU.Build.0 = Release|Any CPU
		{36B92BAA-83B3-4539-88F4-D392E366A728}.Debug|Any CPU.ActiveCfg = Debug|Any CPU
		{36B92BAA-83B3-4539-88F4-D392E366A728}.Debug|Any CPU.Build.0 = Debug|Any CPU
		{36B92BAA-83B3-4539-88F4-D392E366A728}.Release|Any CPU.ActiveCfg = Release|Any CPU
		{36B92BAA-83B3-4539-88F4-D392E366A728}.Release|Any CPU.Build.0 = Release|Any CPU
		{502B4E25-94D0-42FA-B97D-1335B0488EBC}.Debug|Any CPU.ActiveCfg = Debug|Any CPU
		{502B4E25-94D0-42FA-B97D-1335B0488EBC}.Debug|Any CPU.Build.0 = Debug|Any CPU
		{502B4E25-94D0-42FA-B97D-1335B0488EBC}.Release|Any CPU.ActiveCfg = Release|Any CPU
		{502B4E25-94D0-42FA-B97D-1335B0488EBC}.Release|Any CPU.Build.0 = Release|Any CPU
	EndGlobalSection
	GlobalSection(SolutionProperties) = preSolution
		HideSolutionNode = FALSE
	EndGlobalSection
EndGlobal
